// !$*UTF8*$!
{
	archiveVersion = 1;
	classes = {
	};
	objectVersion = 46;
	objects = {

/* Begin PBXBuildFile section */
		52459A3B1CD72BC000799E0B /* AudioFile.swift in Sources */ = {isa = PBXBuildFile; fileRef = 52459A3A1CD72BC000799E0B /* AudioFile.swift */; };
		52459A3D1CD72DD700799E0B /* AudioFileProperty.swift in Sources */ = {isa = PBXBuildFile; fileRef = 52459A3C1CD72DD700799E0B /* AudioFileProperty.swift */; };
		52459A3F1CD7334F00799E0B /* ExtAudioFile.swift in Sources */ = {isa = PBXBuildFile; fileRef = 52459A3E1CD7334F00799E0B /* ExtAudioFile.swift */; };
		52459A411CD733C700799E0B /* ExtAudioFileProperty.swift in Sources */ = {isa = PBXBuildFile; fileRef = 52459A401CD733C700799E0B /* ExtAudioFileProperty.swift */; };
		526D96671CC36D1300F1CAFF /* HALAudio.h in Headers */ = {isa = PBXBuildFile; fileRef = 526D96661CC36D1300F1CAFF /* HALAudio.h */; settings = {ATTRIBUTES = (Public, ); }; };
		526D966E1CC36D1300F1CAFF /* HALAudio.framework in Frameworks */ = {isa = PBXBuildFile; fileRef = 526D96631CC36D1300F1CAFF /* HALAudio.framework */; };
		526D96731CC36D1300F1CAFF /* HALAudioTests.swift in Sources */ = {isa = PBXBuildFile; fileRef = 526D96721CC36D1300F1CAFF /* HALAudioTests.swift */; };
		526D96801CC36D7F00F1CAFF /* AudioObject.swift in Sources */ = {isa = PBXBuildFile; fileRef = 526D967E1CC36D7F00F1CAFF /* AudioObject.swift */; };
		526D96811CC36D7F00F1CAFF /* AudioObjectProperty.swift in Sources */ = {isa = PBXBuildFile; fileRef = 526D967F1CC36D7F00F1CAFF /* AudioObjectProperty.swift */; };
		526D96831CC36DA600F1CAFF /* CoreAudio.framework in Frameworks */ = {isa = PBXBuildFile; fileRef = 526D96821CC36DA600F1CAFF /* CoreAudio.framework */; };
/* End PBXBuildFile section */

/* Begin PBXContainerItemProxy section */
		526D966F1CC36D1300F1CAFF /* PBXContainerItemProxy */ = {
			isa = PBXContainerItemProxy;
			containerPortal = 526D965A1CC36D1300F1CAFF /* Project object */;
			proxyType = 1;
			remoteGlobalIDString = 526D96621CC36D1300F1CAFF;
			remoteInfo = HALAudio;
		};
/* End PBXContainerItemProxy section */

/* Begin PBXFileReference section */
		52459A3A1CD72BC000799E0B /* AudioFile.swift */ = {isa = PBXFileReference; fileEncoding = 4; lastKnownFileType = sourcecode.swift; path = AudioFile.swift; sourceTree = "<group>"; };
		52459A3C1CD72DD700799E0B /* AudioFileProperty.swift */ = {isa = PBXFileReference; fileEncoding = 4; lastKnownFileType = sourcecode.swift; path = AudioFileProperty.swift; sourceTree = "<group>"; };
		52459A3E1CD7334F00799E0B /* ExtAudioFile.swift */ = {isa = PBXFileReference; fileEncoding = 4; lastKnownFileType = sourcecode.swift; path = ExtAudioFile.swift; sourceTree = "<group>"; };
		52459A401CD733C700799E0B /* ExtAudioFileProperty.swift */ = {isa = PBXFileReference; fileEncoding = 4; lastKnownFileType = sourcecode.swift; path = ExtAudioFileProperty.swift; sourceTree = "<group>"; };
		526D96631CC36D1300F1CAFF /* HALAudio.framework */ = {isa = PBXFileReference; explicitFileType = wrapper.framework; includeInIndex = 0; path = HALAudio.framework; sourceTree = BUILT_PRODUCTS_DIR; };
		526D96661CC36D1300F1CAFF /* HALAudio.h */ = {isa = PBXFileReference; lastKnownFileType = sourcecode.c.h; path = HALAudio.h; sourceTree = "<group>"; };
		526D96681CC36D1300F1CAFF /* Info.plist */ = {isa = PBXFileReference; lastKnownFileType = text.plist.xml; path = Info.plist; sourceTree = "<group>"; };
		526D966D1CC36D1300F1CAFF /* HALAudioTests.xctest */ = {isa = PBXFileReference; explicitFileType = wrapper.cfbundle; includeInIndex = 0; path = HALAudioTests.xctest; sourceTree = BUILT_PRODUCTS_DIR; };
		526D96721CC36D1300F1CAFF /* HALAudioTests.swift */ = {isa = PBXFileReference; lastKnownFileType = sourcecode.swift; path = HALAudioTests.swift; sourceTree = "<group>"; };
		526D96741CC36D1300F1CAFF /* Info.plist */ = {isa = PBXFileReference; lastKnownFileType = text.plist.xml; path = Info.plist; sourceTree = "<group>"; };
		526D967E1CC36D7F00F1CAFF /* AudioObject.swift */ = {isa = PBXFileReference; fileEncoding = 4; lastKnownFileType = sourcecode.swift; path = AudioObject.swift; sourceTree = "<group>"; };
		526D967F1CC36D7F00F1CAFF /* AudioObjectProperty.swift */ = {isa = PBXFileReference; fileEncoding = 4; lastKnownFileType = sourcecode.swift; path = AudioObjectProperty.swift; sourceTree = "<group>"; };
		526D96821CC36DA600F1CAFF /* CoreAudio.framework */ = {isa = PBXFileReference; lastKnownFileType = wrapper.framework; name = CoreAudio.framework; path = System/Library/Frameworks/CoreAudio.framework; sourceTree = SDKROOT; };
/* End PBXFileReference section */

/* Begin PBXFrameworksBuildPhase section */
		526D965F1CC36D1300F1CAFF /* Frameworks */ = {
			isa = PBXFrameworksBuildPhase;
			buildActionMask = 2147483647;
			files = (
				526D96831CC36DA600F1CAFF /* CoreAudio.framework in Frameworks */,
			);
			runOnlyForDeploymentPostprocessing = 0;
		};
		526D966A1CC36D1300F1CAFF /* Frameworks */ = {
			isa = PBXFrameworksBuildPhase;
			buildActionMask = 2147483647;
			files = (
				526D966E1CC36D1300F1CAFF /* HALAudio.framework in Frameworks */,
			);
			runOnlyForDeploymentPostprocessing = 0;
		};
/* End PBXFrameworksBuildPhase section */

/* Begin PBXGroup section */
		526D96591CC36D1300F1CAFF = {
			isa = PBXGroup;
			children = (
				526D96821CC36DA600F1CAFF /* CoreAudio.framework */,
				526D96651CC36D1300F1CAFF /* HALAudio */,
				526D96711CC36D1300F1CAFF /* HALAudioTests */,
				526D96641CC36D1300F1CAFF /* Products */,
			);
			sourceTree = "<group>";
		};
		526D96641CC36D1300F1CAFF /* Products */ = {
			isa = PBXGroup;
			children = (
				526D96631CC36D1300F1CAFF /* HALAudio.framework */,
				526D966D1CC36D1300F1CAFF /* HALAudioTests.xctest */,
			);
			name = Products;
			sourceTree = "<group>";
		};
		526D96651CC36D1300F1CAFF /* HALAudio */ = {
			isa = PBXGroup;
			children = (
				526D967D1CC36D7F00F1CAFF /* Sources */,
				526D96661CC36D1300F1CAFF /* HALAudio.h */,
				526D96681CC36D1300F1CAFF /* Info.plist */,
			);
			path = HALAudio;
			sourceTree = "<group>";
		};
		526D96711CC36D1300F1CAFF /* HALAudioTests */ = {
			isa = PBXGroup;
			children = (
				526D96721CC36D1300F1CAFF /* HALAudioTests.swift */,
				526D96741CC36D1300F1CAFF /* Info.plist */,
			);
			path = HALAudioTests;
			sourceTree = "<group>";
		};
		526D967D1CC36D7F00F1CAFF /* Sources */ = {
			isa = PBXGroup;
			children = (
				526D967E1CC36D7F00F1CAFF /* AudioObject.swift */,
				526D967F1CC36D7F00F1CAFF /* AudioObjectProperty.swift */,
				52459A3A1CD72BC000799E0B /* AudioFile.swift */,
				52459A3C1CD72DD700799E0B /* AudioFileProperty.swift */,
				52459A3E1CD7334F00799E0B /* ExtAudioFile.swift */,
				52459A401CD733C700799E0B /* ExtAudioFileProperty.swift */,
			);
			path = Sources;
			sourceTree = SOURCE_ROOT;
		};
/* End PBXGroup section */

/* Begin PBXHeadersBuildPhase section */
		526D96601CC36D1300F1CAFF /* Headers */ = {
			isa = PBXHeadersBuildPhase;
			buildActionMask = 2147483647;
			files = (
				526D96671CC36D1300F1CAFF /* HALAudio.h in Headers */,
			);
			runOnlyForDeploymentPostprocessing = 0;
		};
/* End PBXHeadersBuildPhase section */

/* Begin PBXNativeTarget section */
		526D96621CC36D1300F1CAFF /* HALAudio */ = {
			isa = PBXNativeTarget;
			buildConfigurationList = 526D96771CC36D1300F1CAFF /* Build configuration list for PBXNativeTarget "HALAudio" */;
			buildPhases = (
				526D965E1CC36D1300F1CAFF /* Sources */,
				526D965F1CC36D1300F1CAFF /* Frameworks */,
				526D96601CC36D1300F1CAFF /* Headers */,
				526D96611CC36D1300F1CAFF /* Resources */,
			);
			buildRules = (
			);
			dependencies = (
			);
			name = HALAudio;
			productName = HALAudio;
			productReference = 526D96631CC36D1300F1CAFF /* HALAudio.framework */;
			productType = "com.apple.product-type.framework";
		};
		526D966C1CC36D1300F1CAFF /* HALAudioTests */ = {
			isa = PBXNativeTarget;
			buildConfigurationList = 526D967A1CC36D1300F1CAFF /* Build configuration list for PBXNativeTarget "HALAudioTests" */;
			buildPhases = (
				526D96691CC36D1300F1CAFF /* Sources */,
				526D966A1CC36D1300F1CAFF /* Frameworks */,
				526D966B1CC36D1300F1CAFF /* Resources */,
			);
			buildRules = (
			);
			dependencies = (
				526D96701CC36D1300F1CAFF /* PBXTargetDependency */,
			);
			name = HALAudioTests;
			productName = HALAudioTests;
			productReference = 526D966D1CC36D1300F1CAFF /* HALAudioTests.xctest */;
			productType = "com.apple.product-type.bundle.unit-test";
		};
/* End PBXNativeTarget section */

/* Begin PBXProject section */
		526D965A1CC36D1300F1CAFF /* Project object */ = {
			isa = PBXProject;
			attributes = {
				LastSwiftUpdateCheck = 0730;
				LastUpgradeCheck = 0730;
				ORGANIZATIONNAME = "Yusuke Ito";
				TargetAttributes = {
					526D96621CC36D1300F1CAFF = {
						CreatedOnToolsVersion = 7.3;
					};
					526D966C1CC36D1300F1CAFF = {
						CreatedOnToolsVersion = 7.3;
					};
				};
			};
			buildConfigurationList = 526D965D1CC36D1300F1CAFF /* Build configuration list for PBXProject "HALAudio" */;
			compatibilityVersion = "Xcode 3.2";
			developmentRegion = English;
			hasScannedForEncodings = 0;
			knownRegions = (
				en,
			);
			mainGroup = 526D96591CC36D1300F1CAFF;
			productRefGroup = 526D96641CC36D1300F1CAFF /* Products */;
			projectDirPath = "";
			projectRoot = "";
			targets = (
				526D96621CC36D1300F1CAFF /* HALAudio */,
				526D966C1CC36D1300F1CAFF /* HALAudioTests */,
			);
		};
/* End PBXProject section */

/* Begin PBXResourcesBuildPhase section */
		526D96611CC36D1300F1CAFF /* Resources */ = {
			isa = PBXResourcesBuildPhase;
			buildActionMask = 2147483647;
			files = (
			);
			runOnlyForDeploymentPostprocessing = 0;
		};
		526D966B1CC36D1300F1CAFF /* Resources */ = {
			isa = PBXResourcesBuildPhase;
			buildActionMask = 2147483647;
			files = (
			);
			runOnlyForDeploymentPostprocessing = 0;
		};
/* End PBXResourcesBuildPhase section */

/* Begin PBXSourcesBuildPhase section */
		526D965E1CC36D1300F1CAFF /* Sources */ = {
			isa = PBXSourcesBuildPhase;
			buildActionMask = 2147483647;
			files = (
				52459A3B1CD72BC000799E0B /* AudioFile.swift in Sources */,
				52459A3D1CD72DD700799E0B /* AudioFileProperty.swift in Sources */,
				52459A3F1CD7334F00799E0B /* ExtAudioFile.swift in Sources */,
				52459A411CD733C700799E0B /* ExtAudioFileProperty.swift in Sources */,
				526D96801CC36D7F00F1CAFF /* AudioObject.swift in Sources */,
				526D96811CC36D7F00F1CAFF /* AudioObjectProperty.swift in Sources */,
			);
			runOnlyForDeploymentPostprocessing = 0;
		};
		526D96691CC36D1300F1CAFF /* Sources */ = {
			isa = PBXSourcesBuildPhase;
			buildActionMask = 2147483647;
			files = (
				526D96731CC36D1300F1CAFF /* HALAudioTests.swift in Sources */,
			);
			runOnlyForDeploymentPostprocessing = 0;
		};
/* End PBXSourcesBuildPhase section */

/* Begin PBXTargetDependency section */
		526D96701CC36D1300F1CAFF /* PBXTargetDependency */ = {
			isa = PBXTargetDependency;
			target = 526D96621CC36D1300F1CAFF /* HALAudio */;
			targetProxy = 526D966F1CC36D1300F1CAFF /* PBXContainerItemProxy */;
		};
/* End PBXTargetDependency section */

/* Begin XCBuildConfiguration section */
		526D96751CC36D1300F1CAFF /* Debug */ = {
			isa = XCBuildConfiguration;
			buildSettings = {
				ALWAYS_SEARCH_USER_PATHS = NO;
				CLANG_ANALYZER_NONNULL = YES;
				CLANG_CXX_LANGUAGE_STANDARD = "gnu++0x";
				CLANG_CXX_LIBRARY = "libc++";
				CLANG_ENABLE_MODULES = YES;
				CLANG_ENABLE_OBJC_ARC = YES;
				CLANG_WARN_BOOL_CONVERSION = YES;
				CLANG_WARN_CONSTANT_CONVERSION = YES;
				CLANG_WARN_DIRECT_OBJC_ISA_USAGE = YES_ERROR;
				CLANG_WARN_EMPTY_BODY = YES;
				CLANG_WARN_ENUM_CONVERSION = YES;
				CLANG_WARN_INT_CONVERSION = YES;
				CLANG_WARN_OBJC_ROOT_CLASS = YES_ERROR;
				CLANG_WARN_UNREACHABLE_CODE = YES;
				CLANG_WARN__DUPLICATE_METHOD_MATCH = YES;
				CODE_SIGN_IDENTITY = "-";
				COPY_PHASE_STRIP = NO;
				CURRENT_PROJECT_VERSION = 1;
				DEBUG_INFORMATION_FORMAT = dwarf;
				ENABLE_STRICT_OBJC_MSGSEND = YES;
				ENABLE_TESTABILITY = YES;
				GCC_C_LANGUAGE_STANDARD = gnu99;
				GCC_DYNAMIC_NO_PIC = NO;
				GCC_NO_COMMON_BLOCKS = YES;
				GCC_OPTIMIZATION_LEVEL = 0;
				GCC_PREPROCESSOR_DEFINITIONS = (
					"DEBUG=1",
					"$(inherited)",
				);
				GCC_WARN_64_TO_32_BIT_CONVERSION = YES;
				GCC_WARN_ABOUT_RETURN_TYPE = YES_ERROR;
				GCC_WARN_UNDECLARED_SELECTOR = YES;
				GCC_WARN_UNINITIALIZED_AUTOS = YES_AGGRESSIVE;
				GCC_WARN_UNUSED_FUNCTION = YES;
				GCC_WARN_UNUSED_VARIABLE = YES;
				MACOSX_DEPLOYMENT_TARGET = 10.11;
				MTL_ENABLE_DEBUG_INFO = YES;
				ONLY_ACTIVE_ARCH = YES;
				SDKROOT = macosx;
				SWIFT_OPTIMIZATION_LEVEL = "-Onone";
				VERSIONING_SYSTEM = "apple-generic";
				VERSION_INFO_PREFIX = "";
			};
			name = Debug;
		};
		526D96761CC36D1300F1CAFF /* Release */ = {
			isa = XCBuildConfiguration;
			buildSettings = {
				ALWAYS_SEARCH_USER_PATHS = NO;
				CLANG_ANALYZER_NONNULL = YES;
				CLANG_CXX_LANGUAGE_STANDARD = "gnu++0x";
				CLANG_CXX_LIBRARY = "libc++";
				CLANG_ENABLE_MODULES = YES;
				CLANG_ENABLE_OBJC_ARC = YES;
				CLANG_WARN_BOOL_CONVERSION = YES;
				CLANG_WARN_CONSTANT_CONVERSION = YES;
				CLANG_WARN_DIRECT_OBJC_ISA_USAGE = YES_ERROR;
				CLANG_WARN_EMPTY_BODY = YES;
				CLANG_WARN_ENUM_CONVERSION = YES;
				CLANG_WARN_INT_CONVERSION = YES;
				CLANG_WARN_OBJC_ROOT_CLASS = YES_ERROR;
				CLANG_WARN_UNREACHABLE_CODE = YES;
				CLANG_WARN__DUPLICATE_METHOD_MATCH = YES;
				CODE_SIGN_IDENTITY = "-";
				COPY_PHASE_STRIP = NO;
				CURRENT_PROJECT_VERSION = 1;
				DEBUG_INFORMATION_FORMAT = "dwarf-with-dsym";
				ENABLE_NS_ASSERTIONS = NO;
				ENABLE_STRICT_OBJC_MSGSEND = YES;
				GCC_C_LANGUAGE_STANDARD = gnu99;
				GCC_NO_COMMON_BLOCKS = YES;
				GCC_WARN_64_TO_32_BIT_CONVERSION = YES;
				GCC_WARN_ABOUT_RETURN_TYPE = YES_ERROR;
				GCC_WARN_UNDECLARED_SELECTOR = YES;
				GCC_WARN_UNINITIALIZED_AUTOS = YES_AGGRESSIVE;
				GCC_WARN_UNUSED_FUNCTION = YES;
				GCC_WARN_UNUSED_VARIABLE = YES;
				MACOSX_DEPLOYMENT_TARGET = 10.11;
				MTL_ENABLE_DEBUG_INFO = NO;
				SDKROOT = macosx;
				VERSIONING_SYSTEM = "apple-generic";
				VERSION_INFO_PREFIX = "";
			};
			name = Release;
		};
		526D96781CC36D1300F1CAFF /* Debug */ = {
			isa = XCBuildConfiguration;
			buildSettings = {
				COMBINE_HIDPI_IMAGES = YES;
				DEFINES_MODULE = YES;
				DYLIB_COMPATIBILITY_VERSION = 1;
				DYLIB_CURRENT_VERSION = 1;
				DYLIB_INSTALL_NAME_BASE = "@rpath";
				FRAMEWORK_VERSION = A;
				INFOPLIST_FILE = HALAudio/Info.plist;
				INSTALL_PATH = "$(LOCAL_LIBRARY_DIR)/Frameworks";
				LD_RUNPATH_SEARCH_PATHS = "$(inherited) @executable_path/../Frameworks @loader_path/Frameworks";
				PRODUCT_BUNDLE_IDENTIFIER = jp.novi.HALAudio;
				PRODUCT_NAME = "$(TARGET_NAME)";
				SKIP_INSTALL = YES;
			};
			name = Debug;
		};
		526D96791CC36D1300F1CAFF /* Release */ = {
			isa = XCBuildConfiguration;
			buildSettings = {
				COMBINE_HIDPI_IMAGES = YES;
				DEFINES_MODULE = YES;
				DYLIB_COMPATIBILITY_VERSION = 1;
				DYLIB_CURRENT_VERSION = 1;
				DYLIB_INSTALL_NAME_BASE = "@rpath";
				FRAMEWORK_VERSION = A;
				INFOPLIST_FILE = HALAudio/Info.plist;
				INSTALL_PATH = "$(LOCAL_LIBRARY_DIR)/Frameworks";
				LD_RUNPATH_SEARCH_PATHS = "$(inherited) @executable_path/../Frameworks @loader_path/Frameworks";
				PRODUCT_BUNDLE_IDENTIFIER = jp.novi.HALAudio;
				PRODUCT_NAME = "$(TARGET_NAME)";
				SKIP_INSTALL = YES;
			};
			name = Release;
		};
		526D967B1CC36D1300F1CAFF /* Debug */ = {
			isa = XCBuildConfiguration;
			buildSettings = {
				COMBINE_HIDPI_IMAGES = YES;
				INFOPLIST_FILE = HALAudioTests/Info.plist;
				LD_RUNPATH_SEARCH_PATHS = "$(inherited) @executable_path/../Frameworks @loader_path/../Frameworks";
				PRODUCT_BUNDLE_IDENTIFIER = jp.novi.HALAudioTests;
				PRODUCT_NAME = "$(TARGET_NAME)";
			};
			name = Debug;
		};
		526D967C1CC36D1300F1CAFF /* Release */ = {
			isa = XCBuildConfiguration;
			buildSettings = {
				COMBINE_HIDPI_IMAGES = YES;
				INFOPLIST_FILE = HALAudioTests/Info.plist;
				LD_RUNPATH_SEARCH_PATHS = "$(inherited) @executable_path/../Frameworks @loader_path/../Frameworks";
				PRODUCT_BUNDLE_IDENTIFIER = jp.novi.HALAudioTests;
				PRODUCT_NAME = "$(TARGET_NAME)";
			};
			name = Release;
		};
/* End XCBuildConfiguration section */

/* Begin XCConfigurationList section */
		526D965D1CC36D1300F1CAFF /* Build configuration list for PBXProject "HALAudio" */ = {
			isa = XCConfigurationList;
			buildConfigurations = (
				526D96751CC36D1300F1CAFF /* Debug */,
				526D96761CC36D1300F1CAFF /* Release */,
			);
			defaultConfigurationIsVisible = 0;
			defaultConfigurationName = Release;
		};
		526D96771CC36D1300F1CAFF /* Build configuration list for PBXNativeTarget "HALAudio" */ = {
			isa = XCConfigurationList;
			buildConfigurations = (
				526D96781CC36D1300F1CAFF /* Debug */,
				526D96791CC36D1300F1CAFF /* Release */,
			);
			defaultConfigurationIsVisible = 0;
			defaultConfigurationName = Release;
		};
		526D967A1CC36D1300F1CAFF /* Build configuration list for PBXNativeTarget "HALAudioTests" */ = {
			isa = XCConfigurationList;
			buildConfigurations = (
				526D967B1CC36D1300F1CAFF /* Debug */,
				526D967C1CC36D1300F1CAFF /* Release */,
			);
			defaultConfigurationIsVisible = 0;
			defaultConfigurationName = Release;
		};
/* End XCConfigurationList section */
	};
	rootObject = 526D965A1CC36D1300F1CAFF /* Project object */;
}
